
Microsoft Visual Studio Solution File, Format Version 12.00
# Visual Studio Version 17
VisualStudioVersion = 17.10.35027.167
MinimumVisualStudioVersion = 10.0.40219.1
Project("{FAE04EC0-301F-11D3-BF4B-00C04F79EFBC}") = "SAGPoliceUtilities", "SAGPoliceUtilities\SAGPoliceUtilities.csproj", "{4AD16927-A361-499A-8E5E-B18778750439}"
EndProject
Global
	GlobalSection(SolutionConfigurationPlatforms) = preSolution
		Debug|Any CPU = Debug|Any CPU
		Release|Any CPU = Release|Any CPU
	EndGlobalSection
	GlobalSection(ProjectConfigurationPlatforms) = postSolution
		{4AD16927-A361-499A-8E5E-B18778750439}.Debug|Any CPU.ActiveCfg = Debug|Any CPU
		{4AD16927-A361-499A-8E5E-B18778750439}.Debug|Any CPU.Build.0 = Debug|Any CPU
		{4AD16927-A361-499A-8E5E-B18778750439}.Release|Any CPU.ActiveCfg = Release|Any CPU
		{4AD16927-A361-499A-8E5E-B18778750439}.Release|Any CPU.Build.0 = Release|Any CPU
	EndGlobalSection
	GlobalSection(SolutionProperties) = preSolution
		HideSolutionNode = FALSE
	EndGlobalSection
	GlobalSection(ExtensibilityGlobals) = postSolution
		SolutionGuid = {7679622B-2EE7-41F1-B636-51F8F26E0F45}
	EndGlobalSection
EndGlobal
